{
  "requires": true,
  "lockfileVersion": 1,
  "dependencies": {
    "php-jwt-v1": {
      "version": "1.0.1",
      "resolved": "https://registry.npmjs.org/php-jwt-v1/-/php-jwt-v1-1.0.1.tgz",
      "integrity": "sha512-KOG3A8Rc23kBTHllnLsHNOvxKiVlS+b+HLp3horhcmQzCgjAkGsLZ25qg0hf/O0zkgi7W3bCfKSsKSsnbdfuoQ=="
    },
    "vue-session": {
      "version": "1.0.0",
      "resolved": "https://registry.npmjs.org/vue-session/-/vue-session-1.0.0.tgz",
      "integrity": "sha512-Ep9lRKGgCZdcGV3In3R3zoSp5Wr+hlcIc8WJ9BG+QKzibwaFZnnvp9HBVdd+dU8d6HGLSi5sWywDmd5MkrkfoQ=="
    }
  }
}
